
Microsoft Visual Studio Solution File, Format Version 12.00
# Visual Studio Version 17
VisualStudioVersion = 17.13.35806.99 d17.13
MinimumVisualStudioVersion = 10.0.40219.1
Project("{FAE04EC0-301F-11D3-BF4B-00C04F79EFBC}") = "HmTinyHttpServer", "HmTinyHttpServer\HmTinyHttpServer.csproj", "{E3B24075-3FF5-436A-9609-C808D9FF4672}"
EndProject
Global
	GlobalSection(SolutionConfigurationPlatforms) = preSolution
		Debug|Any CPU = Debug|Any CPU
		Release|Any CPU = Release|Any CPU2
	EndGlobalSection
	GlobalSection(ProjectConfigurationPlatforms) = postSolution
		{E3B24075-3FF5-436A-9609-C808D9FF4672}.Debug|Any CPU.ActiveCfg = Debug|Any CPU
		{E3B24075-3FF5-436A-9609-C808D9FF4672}.Debug|Any CPU.Build.0 = Debug|Any CPU
		{E3B24075-3FF5-436A-9609-C808D9FF4672}.Release|Any CPU.ActiveCfg = Release|Any CPU
		{E3B24075-3FF5-436A-9609-C808D9FF4672}.Release|Any CPU.Build.0 = Release|Any CPU
	EndGlobalSection
	GlobalSection(SolutionProperties) = preSolution
		HideSolutionNode = FALSE
	EndGlobalSection
	GlobalSection(ExtensibilityGlobals) = postSolution
		SolutionGuid = {589A2211-2841-48B0-83D9-279B08D72284}
	EndGlobalSection
EndGlobal
